
Microsoft Visual Studio Solution File, Format Version 12.00
Project("{FAE04EC0-301F-11D3-BF4B-00C04F79EFBC}") = "SOModule.API", "SOModule.API\SOModule.API.csproj", "{DD02A0F1-A971-46F5-9A54-FB4BDDC209BD}"
EndProject
Project("{2150E333-8FDC-42A3-9474-1A3956D46DE8}") = "1 - Services", "1 - Services", "{13BB59DA-59C2-4EFD-8180-BE54435F62AF}"
EndProject
Project("{2150E333-8FDC-42A3-9474-1A3956D46DE8}") = "2 - Application", "2 - Application", "{9070DD6E-CF6A-4DE2-99B0-AABF7E659DDA}"
EndProject
Project("{FAE04EC0-301F-11D3-BF4B-00C04F79EFBC}") = "SOModule.Application", "SOModule.Application\SOModule.Application.csproj", "{6C443B1B-2394-4073-B922-78ED1C679276}"
EndProject
Project("{2150E333-8FDC-42A3-9474-1A3956D46DE8}") = "3 - Domain", "3 - Domain", "{083442D8-9B68-4E3F-8649-48B1CBC5BECB}"
EndProject
Project("{FAE04EC0-301F-11D3-BF4B-00C04F79EFBC}") = "SOModule.Domain", "SOModule.Domain\SOModule.Domain.csproj", "{899E7263-214A-4A2C-868A-953936823EF6}"
EndProject
Project("{FAE04EC0-301F-11D3-BF4B-00C04F79EFBC}") = "SOModule.Domain.Core", "SOModule.Domain.Core\SOModule.Domain.Core.csproj", "{50D1089F-3FEE-4D07-BAB4-05F4D67F7C58}"
EndProject
Project("{FAE04EC0-301F-11D3-BF4B-00C04F79EFBC}") = "SOModule.Domain.Services", "SOModule.Domain.Services\SOModule.Domain.Services.csproj", "{A5725424-7643-4561-8C67-16A23694FC31}"
EndProject
Project("{2150E333-8FDC-42A3-9474-1A3956D46DE8}") = "4 - Infrastructure", "4 - Infrastructure", "{65E02F99-058C-468E-AA15-190AA5890881}"
EndProject
Project("{FAE04EC0-301F-11D3-BF4B-00C04F79EFBC}") = "SOModule.Infrastructure", "SOModule.Infrastructure\SOModule.Infrastructure.csproj", "{DCEC7D8C-86EE-4094-88EB-9EDDE79CF52E}"
EndProject
Global
	GlobalSection(SolutionConfigurationPlatforms) = preSolution
		Debug|Any CPU = Debug|Any CPU
		Release|Any CPU = Release|Any CPU
	EndGlobalSection
	GlobalSection(ProjectConfigurationPlatforms) = postSolution
		{DD02A0F1-A971-46F5-9A54-FB4BDDC209BD}.Debug|Any CPU.ActiveCfg = Debug|Any CPU
		{DD02A0F1-A971-46F5-9A54-FB4BDDC209BD}.Debug|Any CPU.Build.0 = Debug|Any CPU
		{DD02A0F1-A971-46F5-9A54-FB4BDDC209BD}.Release|Any CPU.ActiveCfg = Release|Any CPU
		{DD02A0F1-A971-46F5-9A54-FB4BDDC209BD}.Release|Any CPU.Build.0 = Release|Any CPU
		{6C443B1B-2394-4073-B922-78ED1C679276}.Debug|Any CPU.ActiveCfg = Debug|Any CPU
		{6C443B1B-2394-4073-B922-78ED1C679276}.Debug|Any CPU.Build.0 = Debug|Any CPU
		{6C443B1B-2394-4073-B922-78ED1C679276}.Release|Any CPU.ActiveCfg = Release|Any CPU
		{6C443B1B-2394-4073-B922-78ED1C679276}.Release|Any CPU.Build.0 = Release|Any CPU
		{899E7263-214A-4A2C-868A-953936823EF6}.Debug|Any CPU.ActiveCfg = Debug|Any CPU
		{899E7263-214A-4A2C-868A-953936823EF6}.Debug|Any CPU.Build.0 = Debug|Any CPU
		{899E7263-214A-4A2C-868A-953936823EF6}.Release|Any CPU.ActiveCfg = Release|Any CPU
		{899E7263-214A-4A2C-868A-953936823EF6}.Release|Any CPU.Build.0 = Release|Any CPU
		{50D1089F-3FEE-4D07-BAB4-05F4D67F7C58}.Debug|Any CPU.ActiveCfg = Debug|Any CPU
		{50D1089F-3FEE-4D07-BAB4-05F4D67F7C58}.Debug|Any CPU.Build.0 = Debug|Any CPU
		{50D1089F-3FEE-4D07-BAB4-05F4D67F7C58}.Release|Any CPU.ActiveCfg = Release|Any CPU
		{50D1089F-3FEE-4D07-BAB4-05F4D67F7C58}.Release|Any CPU.Build.0 = Release|Any CPU
		{A5725424-7643-4561-8C67-16A23694FC31}.Debug|Any CPU.ActiveCfg = Debug|Any CPU
		{A5725424-7643-4561-8C67-16A23694FC31}.Debug|Any CPU.Build.0 = Debug|Any CPU
		{A5725424-7643-4561-8C67-16A23694FC31}.Release|Any CPU.ActiveCfg = Release|Any CPU
		{A5725424-7643-4561-8C67-16A23694FC31}.Release|Any CPU.Build.0 = Release|Any CPU
		{DCEC7D8C-86EE-4094-88EB-9EDDE79CF52E}.Debug|Any CPU.ActiveCfg = Debug|Any CPU
		{DCEC7D8C-86EE-4094-88EB-9EDDE79CF52E}.Debug|Any CPU.Build.0 = Debug|Any CPU
		{DCEC7D8C-86EE-4094-88EB-9EDDE79CF52E}.Release|Any CPU.ActiveCfg = Release|Any CPU
		{DCEC7D8C-86EE-4094-88EB-9EDDE79CF52E}.Release|Any CPU.Build.0 = Release|Any CPU
	EndGlobalSection
	GlobalSection(NestedProjects) = preSolution
		{DD02A0F1-A971-46F5-9A54-FB4BDDC209BD} = {13BB59DA-59C2-4EFD-8180-BE54435F62AF}
		{6C443B1B-2394-4073-B922-78ED1C679276} = {9070DD6E-CF6A-4DE2-99B0-AABF7E659DDA}
		{899E7263-214A-4A2C-868A-953936823EF6} = {083442D8-9B68-4E3F-8649-48B1CBC5BECB}
		{50D1089F-3FEE-4D07-BAB4-05F4D67F7C58} = {083442D8-9B68-4E3F-8649-48B1CBC5BECB}
		{A5725424-7643-4561-8C67-16A23694FC31} = {083442D8-9B68-4E3F-8649-48B1CBC5BECB}
		{DCEC7D8C-86EE-4094-88EB-9EDDE79CF52E} = {65E02F99-058C-468E-AA15-190AA5890881}
	EndGlobalSection
EndGlobal
